{
  "name": "setup",
  "version": "1.0.0",
  "lockfileVersion": 2,
  "requires": true,
  "packages": {
    "": {
      "name": "setup",
      "version": "1.0.0",
      "license": "ISC",
      "dependencies": {
        "@types/node": "^18.11.14",
        "typescript": "^4.9.4"
      },
      "devDependencies": {
        "@tsconfig/node-lts-strictest-esm": "^18.12.1"
      }
    },
    "node_modules/@tsconfig/node-lts-strictest-esm": {
      "version": "18.12.1",
      "resolved": "https://registry.npmjs.org/@tsconfig/node-lts-strictest-esm/-/node-lts-strictest-esm-18.12.1.tgz",
      "integrity": "sha512-LvBLmaC6Q/txTddLc11OeMHF9XjJFzlilkETJuvBlUvHy9pPiMsoH3nxWZM1FMSO53zp4mJP6gzOzxKEq0me7Q==",
      "dev": true
    },
    "node_modules/@types/node": {
      "version": "18.11.14",
      "resolved": "https://registry.npmjs.org/@types/node/-/node-18.11.14.tgz",
      "integrity": "sha512-0KXV57tENYmmJMl+FekeW9V3O/rlcqGQQJ/hNh9r8pKIj304pskWuEd8fCyNT86g/TpO0gcOTiLzsHLEURFMIQ=="
    },
    "node_modules/typescript": {
      "version": "4.9.4",
      "resolved": "https://registry.npmjs.org/typescript/-/typescript-4.9.4.tgz",
      "integrity": "sha512-Uz+dTXYzxXXbsFpM86Wh3dKCxrQqUcVMxwU54orwlJjOpO3ao8L7j5lH+dWfTwgCwIuM9GQ2kvVotzYJMXTBZg==",
      "bin": {
        "tsc": "bin/tsc",
        "tsserver": "bin/tsserver"
      },
      "engines": {
        "node": ">=4.2.0"
      }
    }
  },
  "dependencies": {
    "@tsconfig/node-lts-strictest-esm": {
      "version": "18.12.1",
      "resolved": "https://registry.npmjs.org/@tsconfig/node-lts-strictest-esm/-/node-lts-strictest-esm-18.12.1.tgz",
      "integrity": "sha512-LvBLmaC6Q/txTddLc11OeMHF9XjJFzlilkETJuvBlUvHy9pPiMsoH3nxWZM1FMSO53zp4mJP6gzOzxKEq0me7Q==",
      "dev": true
    },
    "@types/node": {
      "version": "18.11.14",
      "resolved": "https://registry.npmjs.org/@types/node/-/node-18.11.14.tgz",
      "integrity": "sha512-0KXV57tENYmmJMl+FekeW9V3O/rlcqGQQJ/hNh9r8pKIj304pskWuEd8fCyNT86g/TpO0gcOTiLzsHLEURFMIQ=="
    },
    "typescript": {
      "version": "4.9.4",
      "resolved": "https://registry.npmjs.org/typescript/-/typescript-4.9.4.tgz",
      "integrity": "sha512-Uz+dTXYzxXXbsFpM86Wh3dKCxrQqUcVMxwU54orwlJjOpO3ao8L7j5lH+dWfTwgCwIuM9GQ2kvVotzYJMXTBZg=="
    }
  }
}
